
Microsoft Visual Studio Solution File, Format Version 12.00
# Visual Studio Version 17
VisualStudioVersion = 17.0.32014.148
MinimumVisualStudioVersion = 10.0.40219.1
Project("{FAE04EC0-301F-11D3-BF4B-00C04F79EFBC}") = "TrainSystem", "TrainSystem\TrainSystem.csproj", "{D53E2F77-9FC4-4582-916D-2CBBA74FBFDE}"
EndProject
Global
	GlobalSection(SolutionConfigurationPlatforms) = preSolution
		Debug|Any CPU = Debug|Any CPU
		Release|Any CPU = Release|Any CPU
	EndGlobalSection
	GlobalSection(ProjectConfigurationPlatforms) = postSolution
		{D53E2F77-9FC4-4582-916D-2CBBA74FBFDE}.Debug|Any CPU.ActiveCfg = Debug|Any CPU
		{D53E2F77-9FC4-4582-916D-2CBBA74FBFDE}.Debug|Any CPU.Build.0 = Debug|Any CPU
		{D53E2F77-9FC4-4582-916D-2CBBA74FBFDE}.Release|Any CPU.ActiveCfg = Release|Any CPU
		{D53E2F77-9FC4-4582-916D-2CBBA74FBFDE}.Release|Any CPU.Build.0 = Release|Any CPU
	EndGlobalSection
	GlobalSection(SolutionProperties) = preSolution
		HideSolutionNode = FALSE
	EndGlobalSection
	GlobalSection(ExtensibilityGlobals) = postSolution
		SolutionGuid = {E9830856-E0E5-4656-818F-CF1FF83118C2}
	EndGlobalSection
EndGlobal
